// !$*UTF8*$!
{
	archiveVersion = 1;
	classes = {
	};
	objectVersion = 46;
	objects = {

/* Begin PBXBuildFile section */
		958E07F31F2AD62B0078A484 /* AppDelegate.swift in Sources */ = {isa = PBXBuildFile; fileRef = 958E07F21F2AD62B0078A484 /* AppDelegate.swift */; };
		958E07F81F2AD62B0078A484 /* Main.storyboard in Resources */ = {isa = PBXBuildFile; fileRef = 958E07F61F2AD62B0078A484 /* Main.storyboard */; };
		958E07FA1F2AD62B0078A484 /* Assets.xcassets in Resources */ = {isa = PBXBuildFile; fileRef = 958E07F91F2AD62B0078A484 /* Assets.xcassets */; };
		958E07FD1F2AD62B0078A484 /* LaunchScreen.storyboard in Resources */ = {isa = PBXBuildFile; fileRef = 958E07FB1F2AD62B0078A484 /* LaunchScreen.storyboard */; };
		959932A11F33004300B4A965 /* LayoutSpec.storyboard in Resources */ = {isa = PBXBuildFile; fileRef = 9599329F1F33004300B4A965 /* LayoutSpec.storyboard */; };
		959932A21F33004300B4A965 /* SJLayoutSpecVC.swift in Sources */ = {isa = PBXBuildFile; fileRef = 959932A01F33004300B4A965 /* SJLayoutSpecVC.swift */; };
		959932A41F3300D700B4A965 /* SJInsetSpecVC.swift in Sources */ = {isa = PBXBuildFile; fileRef = 959932A31F3300D700B4A965 /* SJInsetSpecVC.swift */; };
		95A7538C1F330F5600D21896 /* SJStackSpecVC.swift in Sources */ = {isa = PBXBuildFile; fileRef = 95A7538B1F330F5600D21896 /* SJStackSpecVC.swift */; };
		95AC189E1F3175AE00097ADE /* SJTextNodeVC.swift in Sources */ = {isa = PBXBuildFile; fileRef = 95AC189D1F3175AE00097ADE /* SJTextNodeVC.swift */; };
		95AC18A11F31795F00097ADE /* Toast.swift in Sources */ = {isa = PBXBuildFile; fileRef = 95AC18A01F31795F00097ADE /* Toast.swift */; };
		95AC18A31F31797200097ADE /* SJTextNode.swift in Sources */ = {isa = PBXBuildFile; fileRef = 95AC18A21F31797200097ADE /* SJTextNode.swift */; };
		95AC18A51F31BDBF00097ADE /* SJButtonNodeVC.swift in Sources */ = {isa = PBXBuildFile; fileRef = 95AC18A41F31BDBF00097ADE /* SJButtonNodeVC.swift */; };
		95AC18A71F31C6DE00097ADE /* SJTableNodeVC.swift in Sources */ = {isa = PBXBuildFile; fileRef = 95AC18A61F31C6DE00097ADE /* SJTableNodeVC.swift */; };
		95AC18A91F31E38A00097ADE /* SJCollectionNodeVC.swift in Sources */ = {isa = PBXBuildFile; fileRef = 95AC18A81F31E38A00097ADE /* SJCollectionNodeVC.swift */; };
		95AC18AB1F31E42B00097ADE /* SJClass.swift in Sources */ = {isa = PBXBuildFile; fileRef = 95AC18AA1F31E42B00097ADE /* SJClass.swift */; };
		95AC18AD1F31E45E00097ADE /* SJTableNode.swift in Sources */ = {isa = PBXBuildFile; fileRef = 95AC18AC1F31E45E00097ADE /* SJTableNode.swift */; };
		95D9F65A1F3078B400B7BC96 /* SJTabBarVC.swift in Sources */ = {isa = PBXBuildFile; fileRef = 95D9F6591F3078B400B7BC96 /* SJTabBarVC.swift */; };
		95D9F65C1F3079CB00B7BC96 /* SJNodeVC.swift in Sources */ = {isa = PBXBuildFile; fileRef = 95D9F65B1F3079CB00B7BC96 /* SJNodeVC.swift */; };
		95D9F6601F307F4C00B7BC96 /* SJImageNodeVC.swift in Sources */ = {isa = PBXBuildFile; fileRef = 95D9F65F1F307F4C00B7BC96 /* SJImageNodeVC.swift */; };
		95D9F6621F30803600B7BC96 /* Display.storyboard in Resources */ = {isa = PBXBuildFile; fileRef = 95D9F6611F30803600B7BC96 /* Display.storyboard */; };
		95D9F6641F30805900B7BC96 /* SJUtils.swift in Sources */ = {isa = PBXBuildFile; fileRef = 95D9F6631F30805900B7BC96 /* SJUtils.swift */; };
		95E4B9571F34105F005FF79E /* Extensions.swift in Sources */ = {isa = PBXBuildFile; fileRef = 95E4B9561F34105F005FF79E /* Extensions.swift */; };
		95E4B9591F344EC6005FF79E /* ControlNode.swift in Sources */ = {isa = PBXBuildFile; fileRef = 95E4B9581F344EC6005FF79E /* ControlNode.swift */; };
		C927670E84B4984F05FA86A4 /* Pods_ASDK_demo.framework in Frameworks */ = {isa = PBXBuildFile; fileRef = 61A19544D7730655E78EFA19 /* Pods_ASDK_demo.framework */; };
/* End PBXBuildFile section */

/* Begin PBXFileReference section */
		004D38E2B0C5C05EB750B96F /* Pods-ASDK_demo.debug.xcconfig */ = {isa = PBXFileReference; includeInIndex = 1; lastKnownFileType = text.xcconfig; name = "Pods-ASDK_demo.debug.xcconfig"; path = "Pods/Target Support Files/Pods-ASDK_demo/Pods-ASDK_demo.debug.xcconfig"; sourceTree = "<group>"; };
		61A19544D7730655E78EFA19 /* Pods_ASDK_demo.framework */ = {isa = PBXFileReference; explicitFileType = wrapper.framework; includeInIndex = 0; path = Pods_ASDK_demo.framework; sourceTree = BUILT_PRODUCTS_DIR; };
		72F19C0B40FB658638C98A04 /* Pods-ASDK_demo.release.xcconfig */ = {isa = PBXFileReference; includeInIndex = 1; lastKnownFileType = text.xcconfig; name = "Pods-ASDK_demo.release.xcconfig"; path = "Pods/Target Support Files/Pods-ASDK_demo/Pods-ASDK_demo.release.xcconfig"; sourceTree = "<group>"; };
		958E07EF1F2AD62B0078A484 /* ASDK_demo.app */ = {isa = PBXFileReference; explicitFileType = wrapper.application; includeInIndex = 0; path = ASDK_demo.app; sourceTree = BUILT_PRODUCTS_DIR; };
		958E07F21F2AD62B0078A484 /* AppDelegate.swift */ = {isa = PBXFileReference; lastKnownFileType = sourcecode.swift; path = AppDelegate.swift; sourceTree = "<group>"; };
		958E07F71F2AD62B0078A484 /* Base */ = {isa = PBXFileReference; lastKnownFileType = file.storyboard; name = Base; path = Base.lproj/Main.storyboard; sourceTree = "<group>"; };
		958E07F91F2AD62B0078A484 /* Assets.xcassets */ = {isa = PBXFileReference; lastKnownFileType = folder.assetcatalog; name = Assets.xcassets; path = ../Assets.xcassets; sourceTree = "<group>"; };
		958E07FC1F2AD62B0078A484 /* Base */ = {isa = PBXFileReference; lastKnownFileType = file.storyboard; name = Base; path = Base.lproj/LaunchScreen.storyboard; sourceTree = "<group>"; };
		958E07FE1F2AD62B0078A484 /* Info.plist */ = {isa = PBXFileReference; lastKnownFileType = text.plist.xml; name = Info.plist; path = ../Info.plist; sourceTree = "<group>"; };
		9599329F1F33004300B4A965 /* LayoutSpec.storyboard */ = {isa = PBXFileReference; fileEncoding = 4; lastKnownFileType = file.storyboard; path = LayoutSpec.storyboard; sourceTree = "<group>"; };
		959932A01F33004300B4A965 /* SJLayoutSpecVC.swift */ = {isa = PBXFileReference; fileEncoding = 4; lastKnownFileType = sourcecode.swift; path = SJLayoutSpecVC.swift; sourceTree = "<group>"; };
		959932A31F3300D700B4A965 /* SJInsetSpecVC.swift */ = {isa = PBXFileReference; fileEncoding = 4; lastKnownFileType = sourcecode.swift; path = SJInsetSpecVC.swift; sourceTree = "<group>"; };
		95A7538B1F330F5600D21896 /* SJStackSpecVC.swift */ = {isa = PBXFileReference; fileEncoding = 4; lastKnownFileType = sourcecode.swift; path = SJStackSpecVC.swift; sourceTree = "<group>"; };
		95AC189D1F3175AE00097ADE /* SJTextNodeVC.swift */ = {isa = PBXFileReference; fileEncoding = 4; lastKnownFileType = sourcecode.swift; path = SJTextNodeVC.swift; sourceTree = "<group>"; };
		95AC18A01F31795F00097ADE /* Toast.swift */ = {isa = PBXFileReference; fileEncoding = 4; lastKnownFileType = sourcecode.swift; path = Toast.swift; sourceTree = "<group>"; };
		95AC18A21F31797200097ADE /* SJTextNode.swift */ = {isa = PBXFileReference; fileEncoding = 4; lastKnownFileType = sourcecode.swift; path = SJTextNode.swift; sourceTree = "<group>"; };
		95AC18A41F31BDBF00097ADE /* SJButtonNodeVC.swift */ = {isa = PBXFileReference; fileEncoding = 4; lastKnownFileType = sourcecode.swift; path = SJButtonNodeVC.swift; sourceTree = "<group>"; };
		95AC18A61F31C6DE00097ADE /* SJTableNodeVC.swift */ = {isa = PBXFileReference; fileEncoding = 4; lastKnownFileType = sourcecode.swift; path = SJTableNodeVC.swift; sourceTree = "<group>"; };
		95AC18A81F31E38A00097ADE /* SJCollectionNodeVC.swift */ = {isa = PBXFileReference; fileEncoding = 4; lastKnownFileType = sourcecode.swift; path = SJCollectionNodeVC.swift; sourceTree = "<group>"; };
		95AC18AA1F31E42B00097ADE /* SJClass.swift */ = {isa = PBXFileReference; fileEncoding = 4; lastKnownFileType = sourcecode.swift; path = SJClass.swift; sourceTree = "<group>"; };
		95AC18AC1F31E45E00097ADE /* SJTableNode.swift */ = {isa = PBXFileReference; fileEncoding = 4; lastKnownFileType = sourcecode.swift; path = SJTableNode.swift; sourceTree = "<group>"; };
		95D9F6591F3078B400B7BC96 /* SJTabBarVC.swift */ = {isa = PBXFileReference; fileEncoding = 4; lastKnownFileType = sourcecode.swift; path = SJTabBarVC.swift; sourceTree = "<group>"; };
		95D9F65B1F3079CB00B7BC96 /* SJNodeVC.swift */ = {isa = PBXFileReference; fileEncoding = 4; lastKnownFileType = sourcecode.swift; path = SJNodeVC.swift; sourceTree = "<group>"; };
		95D9F65F1F307F4C00B7BC96 /* SJImageNodeVC.swift */ = {isa = PBXFileReference; fileEncoding = 4; lastKnownFileType = sourcecode.swift; path = SJImageNodeVC.swift; sourceTree = "<group>"; };
		95D9F6611F30803600B7BC96 /* Display.storyboard */ = {isa = PBXFileReference; fileEncoding = 4; lastKnownFileType = file.storyboard; path = Display.storyboard; sourceTree = "<group>"; };
		95D9F6631F30805900B7BC96 /* SJUtils.swift */ = {isa = PBXFileReference; fileEncoding = 4; lastKnownFileType = sourcecode.swift; path = SJUtils.swift; sourceTree = "<group>"; };
		95E4B9561F34105F005FF79E /* Extensions.swift */ = {isa = PBXFileReference; fileEncoding = 4; lastKnownFileType = sourcecode.swift; path = Extensions.swift; sourceTree = "<group>"; };
		95E4B9581F344EC6005FF79E /* ControlNode.swift */ = {isa = PBXFileReference; fileEncoding = 4; lastKnownFileType = sourcecode.swift; path = ControlNode.swift; sourceTree = "<group>"; };
/* End PBXFileReference section */

/* Begin PBXFrameworksBuildPhase section */
		958E07EC1F2AD62B0078A484 /* Frameworks */ = {
			isa = PBXFrameworksBuildPhase;
			buildActionMask = 2147483647;
			files = (
				C927670E84B4984F05FA86A4 /* Pods_ASDK_demo.framework in Frameworks */,
			);
			runOnlyForDeploymentPostprocessing = 0;
		};
/* End PBXFrameworksBuildPhase section */

/* Begin PBXGroup section */
		958E07E61F2AD62B0078A484 = {
			isa = PBXGroup;
			children = (
				958E07F11F2AD62B0078A484 /* ASDK_demo */,
				958E07F01F2AD62B0078A484 /* Products */,
				9D6B6B1F019EFD2F73478276 /* Pods */,
				9A346CA75B059BD06F53D7AD /* Frameworks */,
			);
			sourceTree = "<group>";
		};
		958E07F01F2AD62B0078A484 /* Products */ = {
			isa = PBXGroup;
			children = (
				958E07EF1F2AD62B0078A484 /* ASDK_demo.app */,
			);
			name = Products;
			sourceTree = "<group>";
		};
		958E07F11F2AD62B0078A484 /* ASDK_demo */ = {
			isa = PBXGroup;
			children = (
				95D9F6571F30786B00B7BC96 /* LayoutSpec */,
				95D9F6551F30786400B7BC96 /* DisplayNode */,
				95D9F6561F30786400B7BC96 /* Game */,
				95D9F6581F30787800B7BC96 /* Other */,
				95AC189F1F31794300097ADE /* View */,
				958E07F21F2AD62B0078A484 /* AppDelegate.swift */,
				958E07F61F2AD62B0078A484 /* Main.storyboard */,
				95D9F6591F3078B400B7BC96 /* SJTabBarVC.swift */,
			);
			path = ASDK_demo;
			sourceTree = "<group>";
		};
		9599329E1F33004300B4A965 /* Layout */ = {
			isa = PBXGroup;
			children = (
				9599329F1F33004300B4A965 /* LayoutSpec.storyboard */,
				959932A01F33004300B4A965 /* SJLayoutSpecVC.swift */,
				959932A31F3300D700B4A965 /* SJInsetSpecVC.swift */,
				95A7538B1F330F5600D21896 /* SJStackSpecVC.swift */,
			);
			path = Layout;
			sourceTree = "<group>";
		};
		95AC189F1F31794300097ADE /* View */ = {
			isa = PBXGroup;
			children = (
				95AC18A01F31795F00097ADE /* Toast.swift */,
				95AC18A21F31797200097ADE /* SJTextNode.swift */,
				95AC18AC1F31E45E00097ADE /* SJTableNode.swift */,
			);
			path = View;
			sourceTree = "<group>";
		};
		95D9F6551F30786400B7BC96 /* DisplayNode */ = {
			isa = PBXGroup;
			children = (
				9599329E1F33004300B4A965 /* Layout */,
				95D9F6611F30803600B7BC96 /* Display.storyboard */,
				95D9F65B1F3079CB00B7BC96 /* SJNodeVC.swift */,
				95D9F65F1F307F4C00B7BC96 /* SJImageNodeVC.swift */,
				95AC189D1F3175AE00097ADE /* SJTextNodeVC.swift */,
				95AC18A41F31BDBF00097ADE /* SJButtonNodeVC.swift */,
				95AC18A61F31C6DE00097ADE /* SJTableNodeVC.swift */,
				95AC18A81F31E38A00097ADE /* SJCollectionNodeVC.swift */,
			);
			path = DisplayNode;
			sourceTree = "<group>";
		};
		95D9F6561F30786400B7BC96 /* Game */ = {
			isa = PBXGroup;
			children = (
			);
			path = Game;
			sourceTree = "<group>";
		};
		95D9F6571F30786B00B7BC96 /* LayoutSpec */ = {
			isa = PBXGroup;
			children = (
			);
			path = LayoutSpec;
			sourceTree = "<group>";
		};
		95D9F6581F30787800B7BC96 /* Other */ = {
			isa = PBXGroup;
			children = (
				95D9F6631F30805900B7BC96 /* SJUtils.swift */,
				95AC18AA1F31E42B00097ADE /* SJClass.swift */,
				95E4B9561F34105F005FF79E /* Extensions.swift */,
				95E4B9581F344EC6005FF79E /* ControlNode.swift */,
				958E07FE1F2AD62B0078A484 /* Info.plist */,
				958E07FB1F2AD62B0078A484 /* LaunchScreen.storyboard */,
				958E07F91F2AD62B0078A484 /* Assets.xcassets */,
			);
			path = Other;
			sourceTree = "<group>";
		};
		9A346CA75B059BD06F53D7AD /* Frameworks */ = {
			isa = PBXGroup;
			children = (
				61A19544D7730655E78EFA19 /* Pods_ASDK_demo.framework */,
			);
			name = Frameworks;
			sourceTree = "<group>";
		};
		9D6B6B1F019EFD2F73478276 /* Pods */ = {
			isa = PBXGroup;
			children = (
				004D38E2B0C5C05EB750B96F /* Pods-ASDK_demo.debug.xcconfig */,
				72F19C0B40FB658638C98A04 /* Pods-ASDK_demo.release.xcconfig */,
			);
			name = Pods;
			sourceTree = "<group>";
		};
/* End PBXGroup section */

/* Begin PBXNativeTarget section */
		958E07EE1F2AD62B0078A484 /* ASDK_demo */ = {
			isa = PBXNativeTarget;
			buildConfigurationList = 958E08011F2AD62B0078A484 /* Build configuration list for PBXNativeTarget "ASDK_demo" */;
			buildPhases = (
				B09ED91B9431A4795D99732C /* [CP] Check Pods Manifest.lock */,
				958E07EB1F2AD62B0078A484 /* Sources */,
				958E07EC1F2AD62B0078A484 /* Frameworks */,
				958E07ED1F2AD62B0078A484 /* Resources */,
				F0FDBDF8518300E8ABEF7102 /* [CP] Embed Pods Frameworks */,
				64046F12F2C1D42DB4F5129E /* [CP] Copy Pods Resources */,
			);
			buildRules = (
			);
			dependencies = (
			);
			name = ASDK_demo;
			productName = ASDK_demo;
			productReference = 958E07EF1F2AD62B0078A484 /* ASDK_demo.app */;
			productType = "com.apple.product-type.application";
		};
/* End PBXNativeTarget section */

/* Begin PBXProject section */
		958E07E71F2AD62B0078A484 /* Project object */ = {
			isa = PBXProject;
			attributes = {
				CLASSPREFIX = SJ;
				LastSwiftUpdateCheck = 0830;
				LastUpgradeCheck = 0830;
				ORGANIZATIONNAME = "Shi Jian";
				TargetAttributes = {
					958E07EE1F2AD62B0078A484 = {
						CreatedOnToolsVersion = 8.3.3;
						DevelopmentTeam = 773A426V2P;
						ProvisioningStyle = Automatic;
					};
				};
			};
			buildConfigurationList = 958E07EA1F2AD62B0078A484 /* Build configuration list for PBXProject "ASDK_demo" */;
			compatibilityVersion = "Xcode 3.2";
			developmentRegion = English;
			hasScannedForEncodings = 0;
			knownRegions = (
				en,
				Base,
			);
			mainGroup = 958E07E61F2AD62B0078A484;
			productRefGroup = 958E07F01F2AD62B0078A484 /* Products */;
			projectDirPath = "";
			projectRoot = "";
			targets = (
				958E07EE1F2AD62B0078A484 /* ASDK_demo */,
			);
		};
/* End PBXProject section */

/* Begin PBXResourcesBuildPhase section */
		958E07ED1F2AD62B0078A484 /* Resources */ = {
			isa = PBXResourcesBuildPhase;
			buildActionMask = 2147483647;
			files = (
				958E07FD1F2AD62B0078A484 /* LaunchScreen.storyboard in Resources */,
				959932A11F33004300B4A965 /* LayoutSpec.storyboard in Resources */,
				958E07FA1F2AD62B0078A484 /* Assets.xcassets in Resources */,
				958E07F81F2AD62B0078A484 /* Main.storyboard in Resources */,
				95D9F6621F30803600B7BC96 /* Display.storyboard in Resources */,
			);
			runOnlyForDeploymentPostprocessing = 0;
		};
/* End PBXResourcesBuildPhase section */

/* Begin PBXShellScriptBuildPhase section */
		64046F12F2C1D42DB4F5129E /* [CP] Copy Pods Resources */ = {
			isa = PBXShellScriptBuildPhase;
			buildActionMask = 2147483647;
			files = (
			);
			inputPaths = (
			);
			name = "[CP] Copy Pods Resources";
			outputPaths = (
			);
			runOnlyForDeploymentPostprocessing = 0;
			shellPath = /bin/sh;
			shellScript = "\"${SRCROOT}/Pods/Target Support Files/Pods-ASDK_demo/Pods-ASDK_demo-resources.sh\"\n";
			showEnvVarsInLog = 0;
		};
		B09ED91B9431A4795D99732C /* [CP] Check Pods Manifest.lock */ = {
			isa = PBXShellScriptBuildPhase;
			buildActionMask = 2147483647;
			files = (
			);
			inputPaths = (
			);
			name = "[CP] Check Pods Manifest.lock";
			outputPaths = (
			);
			runOnlyForDeploymentPostprocessing = 0;
			shellPath = /bin/sh;
			shellScript = "diff \"${PODS_PODFILE_DIR_PATH}/Podfile.lock\" \"${PODS_ROOT}/Manifest.lock\" > /dev/null\nif [ $? != 0 ] ; then\n    # print error to STDERR\n    echo \"error: The sandbox is not in sync with the Podfile.lock. Run 'pod install' or update your CocoaPods installation.\" >&2\n    exit 1\nfi\n";
			showEnvVarsInLog = 0;
		};
		F0FDBDF8518300E8ABEF7102 /* [CP] Embed Pods Frameworks */ = {
			isa = PBXShellScriptBuildPhase;
			buildActionMask = 2147483647;
			files = (
			);
			inputPaths = (
			);
			name = "[CP] Embed Pods Frameworks";
			outputPaths = (
			);
			runOnlyForDeploymentPostprocessing = 0;
			shellPath = /bin/sh;
			shellScript = "\"${SRCROOT}/Pods/Target Support Files/Pods-ASDK_demo/Pods-ASDK_demo-frameworks.sh\"\n";
			showEnvVarsInLog = 0;
		};
/* End PBXShellScriptBuildPhase section */

/* Begin PBXSourcesBuildPhase section */
		958E07EB1F2AD62B0078A484 /* Sources */ = {
			isa = PBXSourcesBuildPhase;
			buildActionMask = 2147483647;
			files = (
				95D9F6641F30805900B7BC96 /* SJUtils.swift in Sources */,
				95AC189E1F3175AE00097ADE /* SJTextNodeVC.swift in Sources */,
				95AC18A91F31E38A00097ADE /* SJCollectionNodeVC.swift in Sources */,
				95AC18AB1F31E42B00097ADE /* SJClass.swift in Sources */,
				95D9F6601F307F4C00B7BC96 /* SJImageNodeVC.swift in Sources */,
				95A7538C1F330F5600D21896 /* SJStackSpecVC.swift in Sources */,
				95AC18A31F31797200097ADE /* SJTextNode.swift in Sources */,
				959932A21F33004300B4A965 /* SJLayoutSpecVC.swift in Sources */,
				95AC18AD1F31E45E00097ADE /* SJTableNode.swift in Sources */,
				959932A41F3300D700B4A965 /* SJInsetSpecVC.swift in Sources */,
				95AC18A71F31C6DE00097ADE /* SJTableNodeVC.swift in Sources */,
				95D9F65C1F3079CB00B7BC96 /* SJNodeVC.swift in Sources */,
				958E07F31F2AD62B0078A484 /* AppDelegate.swift in Sources */,
				95D9F65A1F3078B400B7BC96 /* SJTabBarVC.swift in Sources */,
				95E4B9571F34105F005FF79E /* Extensions.swift in Sources */,
				95AC18A51F31BDBF00097ADE /* SJButtonNodeVC.swift in Sources */,
				95AC18A11F31795F00097ADE /* Toast.swift in Sources */,
				95E4B9591F344EC6005FF79E /* ControlNode.swift in Sources */,
			);
			runOnlyForDeploymentPostprocessing = 0;
		};
/* End PBXSourcesBuildPhase section */

/* Begin PBXVariantGroup section */
		958E07F61F2AD62B0078A484 /* Main.storyboard */ = {
			isa = PBXVariantGroup;
			children = (
				958E07F71F2AD62B0078A484 /* Base */,
			);
			name = Main.storyboard;
			sourceTree = "<group>";
		};
		958E07FB1F2AD62B0078A484 /* LaunchScreen.storyboard */ = {
			isa = PBXVariantGroup;
			children = (
				958E07FC1F2AD62B0078A484 /* Base */,
			);
			name = LaunchScreen.storyboard;
			path = ..;
			sourceTree = "<group>";
		};
/* End PBXVariantGroup section */

/* Begin XCBuildConfiguration section */
		958E07FF1F2AD62B0078A484 /* Debug */ = {
			isa = XCBuildConfiguration;
			buildSettings = {
				ALWAYS_SEARCH_USER_PATHS = NO;
				CLANG_ANALYZER_NONNULL = YES;
				CLANG_ANALYZER_NUMBER_OBJECT_CONVERSION = YES_AGGRESSIVE;
				CLANG_CXX_LANGUAGE_STANDARD = "gnu++0x";
				CLANG_CXX_LIBRARY = "libc++";
				CLANG_ENABLE_MODULES = YES;
				CLANG_ENABLE_OBJC_ARC = YES;
				CLANG_WARN_BOOL_CONVERSION = YES;
				CLANG_WARN_CONSTANT_CONVERSION = YES;
				CLANG_WARN_DIRECT_OBJC_ISA_USAGE = YES_ERROR;
				CLANG_WARN_DOCUMENTATION_COMMENTS = YES;
				CLANG_WARN_EMPTY_BODY = YES;
				CLANG_WARN_ENUM_CONVERSION = YES;
				CLANG_WARN_INFINITE_RECURSION = YES;
				CLANG_WARN_INT_CONVERSION = YES;
				CLANG_WARN_OBJC_ROOT_CLASS = YES_ERROR;
				CLANG_WARN_SUSPICIOUS_MOVE = YES;
				CLANG_WARN_UNREACHABLE_CODE = YES;
				CLANG_WARN__DUPLICATE_METHOD_MATCH = YES;
				"CODE_SIGN_IDENTITY[sdk=iphoneos*]" = "iPhone Developer";
				COPY_PHASE_STRIP = NO;
				DEBUG_INFORMATION_FORMAT = dwarf;
				ENABLE_STRICT_OBJC_MSGSEND = YES;
				ENABLE_TESTABILITY = YES;
				GCC_C_LANGUAGE_STANDARD = gnu99;
				GCC_DYNAMIC_NO_PIC = NO;
				GCC_NO_COMMON_BLOCKS = YES;
				GCC_OPTIMIZATION_LEVEL = 0;
				GCC_PREPROCESSOR_DEFINITIONS = (
					"DEBUG=1",
					"$(inherited)",
				);
				GCC_WARN_64_TO_32_BIT_CONVERSION = YES;
				GCC_WARN_ABOUT_RETURN_TYPE = YES_ERROR;
				GCC_WARN_UNDECLARED_SELECTOR = YES;
				GCC_WARN_UNINITIALIZED_AUTOS = YES_AGGRESSIVE;
				GCC_WARN_UNUSED_FUNCTION = YES;
				GCC_WARN_UNUSED_VARIABLE = YES;
				IPHONEOS_DEPLOYMENT_TARGET = 10.3;
				MTL_ENABLE_DEBUG_INFO = YES;
				ONLY_ACTIVE_ARCH = YES;
				SDKROOT = iphoneos;
				SWIFT_ACTIVE_COMPILATION_CONDITIONS = DEBUG;
				SWIFT_OPTIMIZATION_LEVEL = "-Onone";
				TARGETED_DEVICE_FAMILY = "1,2";
			};
			name = Debug;
		};
		958E08001F2AD62B0078A484 /* Release */ = {
			isa = XCBuildConfiguration;
			buildSettings = {
				ALWAYS_SEARCH_USER_PATHS = NO;
				CLANG_ANALYZER_NONNULL = YES;
				CLANG_ANALYZER_NUMBER_OBJECT_CONVERSION = YES_AGGRESSIVE;
				CLANG_CXX_LANGUAGE_STANDARD = "gnu++0x";
				CLANG_CXX_LIBRARY = "libc++";
				CLANG_ENABLE_MODULES = YES;
				CLANG_ENABLE_OBJC_ARC = YES;
				CLANG_WARN_BOOL_CONVERSION = YES;
				CLANG_WARN_CONSTANT_CONVERSION = YES;
				CLANG_WARN_DIRECT_OBJC_ISA_USAGE = YES_ERROR;
				CLANG_WARN_DOCUMENTATION_COMMENTS = YES;
				CLANG_WARN_EMPTY_BODY = YES;
				CLANG_WARN_ENUM_CONVERSION = YES;
				CLANG_WARN_INFINITE_RECURSION = YES;
				CLANG_WARN_INT_CONVERSION = YES;
				CLANG_WARN_OBJC_ROOT_CLASS = YES_ERROR;
				CLANG_WARN_SUSPICIOUS_MOVE = YES;
				CLANG_WARN_UNREACHABLE_CODE = YES;
				CLANG_WARN__DUPLICATE_METHOD_MATCH = YES;
				"CODE_SIGN_IDENTITY[sdk=iphoneos*]" = "iPhone Developer";
				COPY_PHASE_STRIP = NO;
				DEBUG_INFORMATION_FORMAT = "dwarf-with-dsym";
				ENABLE_NS_ASSERTIONS = NO;
				ENABLE_STRICT_OBJC_MSGSEND = YES;
				GCC_C_LANGUAGE_STANDARD = gnu99;
				GCC_NO_COMMON_BLOCKS = YES;
				GCC_WARN_64_TO_32_BIT_CONVERSION = YES;
				GCC_WARN_ABOUT_RETURN_TYPE = YES_ERROR;
				GCC_WARN_UNDECLARED_SELECTOR = YES;
				GCC_WARN_UNINITIALIZED_AUTOS = YES_AGGRESSIVE;
				GCC_WARN_UNUSED_FUNCTION = YES;
				GCC_WARN_UNUSED_VARIABLE = YES;
				IPHONEOS_DEPLOYMENT_TARGET = 10.3;
				MTL_ENABLE_DEBUG_INFO = NO;
				SDKROOT = iphoneos;
				SWIFT_OPTIMIZATION_LEVEL = "-Owholemodule";
				TARGETED_DEVICE_FAMILY = "1,2";
				VALIDATE_PRODUCT = YES;
			};
			name = Release;
		};
		958E08021F2AD62B0078A484 /* Debug */ = {
			isa = XCBuildConfiguration;
			baseConfigurationReference = 004D38E2B0C5C05EB750B96F /* Pods-ASDK_demo.debug.xcconfig */;
			buildSettings = {
				ASSETCATALOG_COMPILER_APPICON_NAME = AppIcon;
				DEVELOPMENT_TEAM = 773A426V2P;
				INFOPLIST_FILE = ASDK_demo/Info.plist;
				LD_RUNPATH_SEARCH_PATHS = "$(inherited) @executable_path/Frameworks";
				PRODUCT_BUNDLE_IDENTIFIER = "com.shmily.openSource.ASDK-demo";
				PRODUCT_NAME = "$(TARGET_NAME)";
				SWIFT_VERSION = 3.0;
			};
			name = Debug;
		};
		958E08031F2AD62B0078A484 /* Release */ = {
			isa = XCBuildConfiguration;
			baseConfigurationReference = 72F19C0B40FB658638C98A04 /* Pods-ASDK_demo.release.xcconfig */;
			buildSettings = {
				ASSETCATALOG_COMPILER_APPICON_NAME = AppIcon;
				DEVELOPMENT_TEAM = 773A426V2P;
				INFOPLIST_FILE = ASDK_demo/Info.plist;
				LD_RUNPATH_SEARCH_PATHS = "$(inherited) @executable_path/Frameworks";
				PRODUCT_BUNDLE_IDENTIFIER = "com.shmily.openSource.ASDK-demo";
				PRODUCT_NAME = "$(TARGET_NAME)";
				SWIFT_VERSION = 3.0;
			};
			name = Release;
		};
/* End XCBuildConfiguration section */

/* Begin XCConfigurationList section */
		958E07EA1F2AD62B0078A484 /* Build configuration list for PBXProject "ASDK_demo" */ = {
			isa = XCConfigurationList;
			buildConfigurations = (
				958E07FF1F2AD62B0078A484 /* Debug */,
				958E08001F2AD62B0078A484 /* Release */,
			);
			defaultConfigurationIsVisible = 0;
			defaultConfigurationName = Release;
		};
		958E08011F2AD62B0078A484 /* Build configuration list for PBXNativeTarget "ASDK_demo" */ = {
			isa = XCConfigurationList;
			buildConfigurations = (
				958E08021F2AD62B0078A484 /* Debug */,
				958E08031F2AD62B0078A484 /* Release */,
			);
			defaultConfigurationIsVisible = 0;
			defaultConfigurationName = Release;
		};
/* End XCConfigurationList section */
	};
	rootObject = 958E07E71F2AD62B0078A484 /* Project object */;
}
